
Microsoft Visual Studio Solution File, Format Version 12.00
# Visual Studio 15
VisualStudioVersion = 15.0.26430.15
MinimumVisualStudioVersion = 10.0.40219.1
Project("{FAE04EC0-301F-11D3-BF4B-00C04F79EFBC}") = "PioneerTech.WebApp", "PioneeerTech.WebApp\PioneerTech.WebApp.csproj", "{E6EA7FFF-FA30-4EE8-A34C-00EE9CF6FF5C}"
EndProject
Project("{FAE04EC0-301F-11D3-BF4B-00C04F79EFBC}") = "PioneerTech.Models", "PioneerTech.Models\PioneerTech.Models.csproj", "{C99C5846-6477-4058-916E-C41BFE59C19C}"
EndProject
Project("{FAE04EC0-301F-11D3-BF4B-00C04F79EFBC}") = "PioneerTechSystem.DAL", "PioneerTechSystem.DAL\PioneerTechSystem.DAL.csproj", "{9EAE8F3A-C670-4739-9228-3C3B0605AAD3}"
EndProject
Project("{FAE04EC0-301F-11D3-BF4B-00C04F79EFBC}") = "PioneerTech.WebApp.Tests", "PioneerTech.Tests\PioneerTech.WebApp.Tests.csproj", "{E7B6D7F1-4750-4C5F-89FE-76194A5516DE}"
EndProject
Global
	GlobalSection(SolutionConfigurationPlatforms) = preSolution
		Debug|Any CPU = Debug|Any CPU
		Release|Any CPU = Release|Any CPU
	EndGlobalSection
	GlobalSection(ProjectConfigurationPlatforms) = postSolution
		{E6EA7FFF-FA30-4EE8-A34C-00EE9CF6FF5C}.Debug|Any CPU.ActiveCfg = Debug|Any CPU
		{E6EA7FFF-FA30-4EE8-A34C-00EE9CF6FF5C}.Debug|Any CPU.Build.0 = Debug|Any CPU
		{E6EA7FFF-FA30-4EE8-A34C-00EE9CF6FF5C}.Release|Any CPU.ActiveCfg = Release|Any CPU
		{E6EA7FFF-FA30-4EE8-A34C-00EE9CF6FF5C}.Release|Any CPU.Build.0 = Release|Any CPU
		{C99C5846-6477-4058-916E-C41BFE59C19C}.Debug|Any CPU.ActiveCfg = Debug|Any CPU
		{C99C5846-6477-4058-916E-C41BFE59C19C}.Debug|Any CPU.Build.0 = Debug|Any CPU
		{C99C5846-6477-4058-916E-C41BFE59C19C}.Release|Any CPU.ActiveCfg = Release|Any CPU
		{C99C5846-6477-4058-916E-C41BFE59C19C}.Release|Any CPU.Build.0 = Release|Any CPU
		{9EAE8F3A-C670-4739-9228-3C3B0605AAD3}.Debug|Any CPU.ActiveCfg = Debug|Any CPU
		{9EAE8F3A-C670-4739-9228-3C3B0605AAD3}.Debug|Any CPU.Build.0 = Debug|Any CPU
		{9EAE8F3A-C670-4739-9228-3C3B0605AAD3}.Release|Any CPU.ActiveCfg = Release|Any CPU
		{9EAE8F3A-C670-4739-9228-3C3B0605AAD3}.Release|Any CPU.Build.0 = Release|Any CPU
		{E7B6D7F1-4750-4C5F-89FE-76194A5516DE}.Debug|Any CPU.ActiveCfg = Debug|Any CPU
		{E7B6D7F1-4750-4C5F-89FE-76194A5516DE}.Debug|Any CPU.Build.0 = Debug|Any CPU
		{E7B6D7F1-4750-4C5F-89FE-76194A5516DE}.Release|Any CPU.ActiveCfg = Release|Any CPU
		{E7B6D7F1-4750-4C5F-89FE-76194A5516DE}.Release|Any CPU.Build.0 = Release|Any CPU
	EndGlobalSection
	GlobalSection(SolutionProperties) = preSolution
		HideSolutionNode = FALSE
	EndGlobalSection
EndGlobal
