
Microsoft Visual Studio Solution File, Format Version 12.00
# Visual Studio 15
VisualStudioVersion = 15.0.26430.15
MinimumVisualStudioVersion = 10.0.40219.1
Project("{F184B08F-C81C-45F6-A57F-5ABD9991F28F}") = "PioneerTech.WebApp", "PioneerTech.WebApp\PioneerTech.WebApp.vbproj", "{7C8D2EB5-EEB0-40DB-96BC-EC40337915C0}"
EndProject
Project("{F184B08F-C81C-45F6-A57F-5ABD9991F28F}") = "PioneerTech.WebApp.Tests", "PioneerTech.WebApp.Tests\PioneerTech.WebApp.Tests.vbproj", "{735CB5C8-80B1-46C5-8484-959AA995E7F0}"
EndProject
Project("{FAE04EC0-301F-11D3-BF4B-00C04F79EFBC}") = "PioneerTech.Model", "PioneerTech.Model\PioneerTech.Model.csproj", "{23FC0BA4-6151-4DED-93D0-9A50E961E388}"
EndProject
Project("{FAE04EC0-301F-11D3-BF4B-00C04F79EFBC}") = "PioneerTech.DAL", "PioneerTech.DAL\PioneerTech.DAL.csproj", "{D8F30D00-A1BE-41F5-93D8-CCD8BAFA16E4}"
EndProject
Project("{FAE04EC0-301F-11D3-BF4B-00C04F79EFBC}") = "PioneerTechSystem.DAL", "PioneerTechSystem.DAL\PioneerTechSystem.DAL.csproj", "{9EAE8F3A-C670-4739-9228-3C3B0605AAD3}"
EndProject
Project("{FAE04EC0-301F-11D3-BF4B-00C04F79EFBC}") = "PioneeerTech.WebApp", "PioneeerTech.WebApp\PioneeerTech.WebApp.csproj", "{E6EA7FFF-FA30-4EE8-A34C-00EE9CF6FF5C}"
EndProject
Project("{FAE04EC0-301F-11D3-BF4B-00C04F79EFBC}") = "PioneeerTech.WebApp.Tests", "PioneeerTech.WebApp.Tests\PioneeerTech.WebApp.Tests.csproj", "{0630C51B-6705-4B91-9BF5-D5643F46A17C}"
EndProject
Global
	GlobalSection(SolutionConfigurationPlatforms) = preSolution
		Debug|Any CPU = Debug|Any CPU
		Release|Any CPU = Release|Any CPU
	EndGlobalSection
	GlobalSection(ProjectConfigurationPlatforms) = postSolution
		{7C8D2EB5-EEB0-40DB-96BC-EC40337915C0}.Debug|Any CPU.ActiveCfg = Debug|Any CPU
		{7C8D2EB5-EEB0-40DB-96BC-EC40337915C0}.Debug|Any CPU.Build.0 = Debug|Any CPU
		{7C8D2EB5-EEB0-40DB-96BC-EC40337915C0}.Release|Any CPU.ActiveCfg = Release|Any CPU
		{7C8D2EB5-EEB0-40DB-96BC-EC40337915C0}.Release|Any CPU.Build.0 = Release|Any CPU
		{735CB5C8-80B1-46C5-8484-959AA995E7F0}.Debug|Any CPU.ActiveCfg = Debug|Any CPU
		{735CB5C8-80B1-46C5-8484-959AA995E7F0}.Debug|Any CPU.Build.0 = Debug|Any CPU
		{735CB5C8-80B1-46C5-8484-959AA995E7F0}.Release|Any CPU.ActiveCfg = Release|Any CPU
		{735CB5C8-80B1-46C5-8484-959AA995E7F0}.Release|Any CPU.Build.0 = Release|Any CPU
		{23FC0BA4-6151-4DED-93D0-9A50E961E388}.Debug|Any CPU.ActiveCfg = Debug|Any CPU
		{23FC0BA4-6151-4DED-93D0-9A50E961E388}.Debug|Any CPU.Build.0 = Debug|Any CPU
		{23FC0BA4-6151-4DED-93D0-9A50E961E388}.Release|Any CPU.ActiveCfg = Release|Any CPU
		{23FC0BA4-6151-4DED-93D0-9A50E961E388}.Release|Any CPU.Build.0 = Release|Any CPU
		{D8F30D00-A1BE-41F5-93D8-CCD8BAFA16E4}.Debug|Any CPU.ActiveCfg = Debug|Any CPU
		{D8F30D00-A1BE-41F5-93D8-CCD8BAFA16E4}.Debug|Any CPU.Build.0 = Debug|Any CPU
		{D8F30D00-A1BE-41F5-93D8-CCD8BAFA16E4}.Release|Any CPU.ActiveCfg = Release|Any CPU
		{D8F30D00-A1BE-41F5-93D8-CCD8BAFA16E4}.Release|Any CPU.Build.0 = Release|Any CPU
		{9EAE8F3A-C670-4739-9228-3C3B0605AAD3}.Debug|Any CPU.ActiveCfg = Debug|Any CPU
		{9EAE8F3A-C670-4739-9228-3C3B0605AAD3}.Debug|Any CPU.Build.0 = Debug|Any CPU
		{9EAE8F3A-C670-4739-9228-3C3B0605AAD3}.Release|Any CPU.ActiveCfg = Release|Any CPU
		{9EAE8F3A-C670-4739-9228-3C3B0605AAD3}.Release|Any CPU.Build.0 = Release|Any CPU
		{E6EA7FFF-FA30-4EE8-A34C-00EE9CF6FF5C}.Debug|Any CPU.ActiveCfg = Debug|Any CPU
		{E6EA7FFF-FA30-4EE8-A34C-00EE9CF6FF5C}.Debug|Any CPU.Build.0 = Debug|Any CPU
		{E6EA7FFF-FA30-4EE8-A34C-00EE9CF6FF5C}.Release|Any CPU.ActiveCfg = Release|Any CPU
		{E6EA7FFF-FA30-4EE8-A34C-00EE9CF6FF5C}.Release|Any CPU.Build.0 = Release|Any CPU
		{0630C51B-6705-4B91-9BF5-D5643F46A17C}.Debug|Any CPU.ActiveCfg = Debug|Any CPU
		{0630C51B-6705-4B91-9BF5-D5643F46A17C}.Debug|Any CPU.Build.0 = Debug|Any CPU
		{0630C51B-6705-4B91-9BF5-D5643F46A17C}.Release|Any CPU.ActiveCfg = Release|Any CPU
		{0630C51B-6705-4B91-9BF5-D5643F46A17C}.Release|Any CPU.Build.0 = Release|Any CPU
	EndGlobalSection
	GlobalSection(SolutionProperties) = preSolution
		HideSolutionNode = FALSE
	EndGlobalSection
EndGlobal
